// !$*UTF8*$!
{
	archiveVersion = 1;
	classes = {
	};
	objectVersion = 56;
	objects = {

/* Begin PBXBuildFile section */
		2214B80C2960625700792D7A /* AppDelegate.swift in Sources */ = {isa = PBXBuildFile; fileRef = 2214B80B2960625700792D7A /* AppDelegate.swift */; };
		2214B80E2960625700792D7A /* SceneDelegate.swift in Sources */ = {isa = PBXBuildFile; fileRef = 2214B80D2960625700792D7A /* SceneDelegate.swift */; };
		2214B8102960625700792D7A /* RMTabViewController.swift in Sources */ = {isa = PBXBuildFile; fileRef = 2214B80F2960625700792D7A /* RMTabViewController.swift */; };
		2214B8152960625800792D7A /* Assets.xcassets in Resources */ = {isa = PBXBuildFile; fileRef = 2214B8142960625800792D7A /* Assets.xcassets */; };
		2214B8182960625800792D7A /* LaunchScreen.storyboard in Resources */ = {isa = PBXBuildFile; fileRef = 2214B8162960625800792D7A /* LaunchScreen.storyboard */; };
		2214B82729606CC100792D7A /* RMLocation.swift in Sources */ = {isa = PBXBuildFile; fileRef = 2214B82629606CC100792D7A /* RMLocation.swift */; };
		2214B82929606CE200792D7A /* RMCharacter.swift in Sources */ = {isa = PBXBuildFile; fileRef = 2214B82829606CE200792D7A /* RMCharacter.swift */; };
		2214B82B29606D0D00792D7A /* RMEpisode.swift in Sources */ = {isa = PBXBuildFile; fileRef = 2214B82A29606D0D00792D7A /* RMEpisode.swift */; };
		2214B82E29606E0500792D7A /* RMCharacterViewController.swift in Sources */ = {isa = PBXBuildFile; fileRef = 2214B82D29606E0500792D7A /* RMCharacterViewController.swift */; };
		2214B83029606E3C00792D7A /* RMLocationViewController.swift in Sources */ = {isa = PBXBuildFile; fileRef = 2214B82F29606E3C00792D7A /* RMLocationViewController.swift */; };
		2214B83229606E5600792D7A /* RMEpisodeViewController.swift in Sources */ = {isa = PBXBuildFile; fileRef = 2214B83129606E5600792D7A /* RMEpisodeViewController.swift */; };
		2214B83429606E7500792D7A /* RMSettingsViewController.swift in Sources */ = {isa = PBXBuildFile; fileRef = 2214B83329606E7500792D7A /* RMSettingsViewController.swift */; };
/* End PBXBuildFile section */

/* Begin PBXFileReference section */
		2214B8082960625700792D7A /* RickAndMorty.app */ = {isa = PBXFileReference; explicitFileType = wrapper.application; includeInIndex = 0; path = RickAndMorty.app; sourceTree = BUILT_PRODUCTS_DIR; };
		2214B80B2960625700792D7A /* AppDelegate.swift */ = {isa = PBXFileReference; lastKnownFileType = sourcecode.swift; path = AppDelegate.swift; sourceTree = "<group>"; };
		2214B80D2960625700792D7A /* SceneDelegate.swift */ = {isa = PBXFileReference; lastKnownFileType = sourcecode.swift; path = SceneDelegate.swift; sourceTree = "<group>"; };
		2214B80F2960625700792D7A /* RMTabViewController.swift */ = {isa = PBXFileReference; lastKnownFileType = sourcecode.swift; path = RMTabViewController.swift; sourceTree = "<group>"; };
		2214B8142960625800792D7A /* Assets.xcassets */ = {isa = PBXFileReference; lastKnownFileType = folder.assetcatalog; path = Assets.xcassets; sourceTree = "<group>"; };
		2214B8172960625800792D7A /* Base */ = {isa = PBXFileReference; lastKnownFileType = file.storyboard; name = Base; path = Base.lproj/LaunchScreen.storyboard; sourceTree = "<group>"; };
		2214B8192960625800792D7A /* Info.plist */ = {isa = PBXFileReference; lastKnownFileType = text.plist.xml; path = Info.plist; sourceTree = "<group>"; };
		2214B82629606CC100792D7A /* RMLocation.swift */ = {isa = PBXFileReference; lastKnownFileType = sourcecode.swift; path = RMLocation.swift; sourceTree = "<group>"; };
		2214B82829606CE200792D7A /* RMCharacter.swift */ = {isa = PBXFileReference; lastKnownFileType = sourcecode.swift; path = RMCharacter.swift; sourceTree = "<group>"; };
		2214B82A29606D0D00792D7A /* RMEpisode.swift */ = {isa = PBXFileReference; lastKnownFileType = sourcecode.swift; path = RMEpisode.swift; sourceTree = "<group>"; };
		2214B82D29606E0500792D7A /* RMCharacterViewController.swift */ = {isa = PBXFileReference; lastKnownFileType = sourcecode.swift; path = RMCharacterViewController.swift; sourceTree = "<group>"; };
		2214B82F29606E3C00792D7A /* RMLocationViewController.swift */ = {isa = PBXFileReference; lastKnownFileType = sourcecode.swift; path = RMLocationViewController.swift; sourceTree = "<group>"; };
		2214B83129606E5600792D7A /* RMEpisodeViewController.swift */ = {isa = PBXFileReference; lastKnownFileType = sourcecode.swift; path = RMEpisodeViewController.swift; sourceTree = "<group>"; };
		2214B83329606E7500792D7A /* RMSettingsViewController.swift */ = {isa = PBXFileReference; lastKnownFileType = sourcecode.swift; path = RMSettingsViewController.swift; sourceTree = "<group>"; };
/* End PBXFileReference section */

/* Begin PBXFrameworksBuildPhase section */
		2214B8052960625700792D7A /* Frameworks */ = {
			isa = PBXFrameworksBuildPhase;
			buildActionMask = 2147483647;
			files = (
			);
			runOnlyForDeploymentPostprocessing = 0;
		};
/* End PBXFrameworksBuildPhase section */

/* Begin PBXGroup section */
		2214B7FF2960625700792D7A = {
			isa = PBXGroup;
			children = (
				2214B80A2960625700792D7A /* RickAndMorty */,
				2214B8092960625700792D7A /* Products */,
			);
			sourceTree = "<group>";
		};
		2214B8092960625700792D7A /* Products */ = {
			isa = PBXGroup;
			children = (
				2214B8082960625700792D7A /* RickAndMorty.app */,
			);
			name = Products;
			sourceTree = "<group>";
		};
		2214B80A2960625700792D7A /* RickAndMorty */ = {
			isa = PBXGroup;
			children = (
				2214B8252960650A00792D7A /* Resources */,
				2214B824296064F200792D7A /* Managers */,
				2214B8232960649F00792D7A /* APIClient */,
				2214B8222960648B00792D7A /* ViewModels */,
				2214B8212960647B00792D7A /* Views */,
				2214B8202960647400792D7A /* Models */,
				2214B81F2960646C00792D7A /* Controllers */,
				2214B8192960625800792D7A /* Info.plist */,
			);
			path = RickAndMorty;
			sourceTree = "<group>";
		};
		2214B81F2960646C00792D7A /* Controllers */ = {
			isa = PBXGroup;
			children = (
				2214B82C29606DAC00792D7A /* Core */,
			);
			path = Controllers;
			sourceTree = "<group>";
		};
		2214B8202960647400792D7A /* Models */ = {
			isa = PBXGroup;
			children = (
				2214B82629606CC100792D7A /* RMLocation.swift */,
				2214B82829606CE200792D7A /* RMCharacter.swift */,
				2214B82A29606D0D00792D7A /* RMEpisode.swift */,
			);
			path = Models;
			sourceTree = "<group>";
		};
		2214B8212960647B00792D7A /* Views */ = {
			isa = PBXGroup;
			children = (
			);
			path = Views;
			sourceTree = "<group>";
		};
		2214B8222960648B00792D7A /* ViewModels */ = {
			isa = PBXGroup;
			children = (
			);
			path = ViewModels;
			sourceTree = "<group>";
		};
		2214B8232960649F00792D7A /* APIClient */ = {
			isa = PBXGroup;
			children = (
			);
			path = APIClient;
			sourceTree = "<group>";
		};
		2214B824296064F200792D7A /* Managers */ = {
			isa = PBXGroup;
			children = (
			);
			path = Managers;
			sourceTree = "<group>";
		};
		2214B8252960650A00792D7A /* Resources */ = {
			isa = PBXGroup;
			children = (
				2214B8142960625800792D7A /* Assets.xcassets */,
				2214B8162960625800792D7A /* LaunchScreen.storyboard */,
				2214B80B2960625700792D7A /* AppDelegate.swift */,
				2214B80D2960625700792D7A /* SceneDelegate.swift */,
			);
			path = Resources;
			sourceTree = "<group>";
		};
		2214B82C29606DAC00792D7A /* Core */ = {
			isa = PBXGroup;
			children = (
				2214B80F2960625700792D7A /* RMTabViewController.swift */,
				2214B82D29606E0500792D7A /* RMCharacterViewController.swift */,
				2214B82F29606E3C00792D7A /* RMLocationViewController.swift */,
				2214B83129606E5600792D7A /* RMEpisodeViewController.swift */,
				2214B83329606E7500792D7A /* RMSettingsViewController.swift */,
			);
			path = Core;
			sourceTree = "<group>";
		};
/* End PBXGroup section */

/* Begin PBXNativeTarget section */
		2214B8072960625700792D7A /* RickAndMorty */ = {
			isa = PBXNativeTarget;
			buildConfigurationList = 2214B81C2960625800792D7A /* Build configuration list for PBXNativeTarget "RickAndMorty" */;
			buildPhases = (
				2214B8042960625700792D7A /* Sources */,
				2214B8052960625700792D7A /* Frameworks */,
				2214B8062960625700792D7A /* Resources */,
			);
			buildRules = (
			);
			dependencies = (
			);
			name = RickAndMorty;
			productName = RickAndMorty;
			productReference = 2214B8082960625700792D7A /* RickAndMorty.app */;
			productType = "com.apple.product-type.application";
		};
/* End PBXNativeTarget section */

/* Begin PBXProject section */
		2214B8002960625700792D7A /* Project object */ = {
			isa = PBXProject;
			attributes = {
				BuildIndependentTargetsInParallel = 1;
				LastSwiftUpdateCheck = 1420;
				LastUpgradeCheck = 1420;
				TargetAttributes = {
					2214B8072960625700792D7A = {
						CreatedOnToolsVersion = 14.2;
					};
				};
			};
			buildConfigurationList = 2214B8032960625700792D7A /* Build configuration list for PBXProject "RickAndMorty" */;
			compatibilityVersion = "Xcode 14.0";
			developmentRegion = en;
			hasScannedForEncodings = 0;
			knownRegions = (
				en,
				Base,
			);
			mainGroup = 2214B7FF2960625700792D7A;
			productRefGroup = 2214B8092960625700792D7A /* Products */;
			projectDirPath = "";
			projectRoot = "";
			targets = (
				2214B8072960625700792D7A /* RickAndMorty */,
			);
		};
/* End PBXProject section */

/* Begin PBXResourcesBuildPhase section */
		2214B8062960625700792D7A /* Resources */ = {
			isa = PBXResourcesBuildPhase;
			buildActionMask = 2147483647;
			files = (
				2214B8182960625800792D7A /* LaunchScreen.storyboard in Resources */,
				2214B8152960625800792D7A /* Assets.xcassets in Resources */,
			);
			runOnlyForDeploymentPostprocessing = 0;
		};
/* End PBXResourcesBuildPhase section */

/* Begin PBXSourcesBuildPhase section */
		2214B8042960625700792D7A /* Sources */ = {
			isa = PBXSourcesBuildPhase;
			buildActionMask = 2147483647;
			files = (
				2214B83029606E3C00792D7A /* RMLocationViewController.swift in Sources */,
				2214B82B29606D0D00792D7A /* RMEpisode.swift in Sources */,
				2214B8102960625700792D7A /* RMTabViewController.swift in Sources */,
				2214B83229606E5600792D7A /* RMEpisodeViewController.swift in Sources */,
				2214B80C2960625700792D7A /* AppDelegate.swift in Sources */,
				2214B80E2960625700792D7A /* SceneDelegate.swift in Sources */,
				2214B83429606E7500792D7A /* RMSettingsViewController.swift in Sources */,
				2214B82729606CC100792D7A /* RMLocation.swift in Sources */,
				2214B82929606CE200792D7A /* RMCharacter.swift in Sources */,
				2214B82E29606E0500792D7A /* RMCharacterViewController.swift in Sources */,
			);
			runOnlyForDeploymentPostprocessing = 0;
		};
/* End PBXSourcesBuildPhase section */

/* Begin PBXVariantGroup section */
		2214B8162960625800792D7A /* LaunchScreen.storyboard */ = {
			isa = PBXVariantGroup;
			children = (
				2214B8172960625800792D7A /* Base */,
			);
			name = LaunchScreen.storyboard;
			sourceTree = "<group>";
		};
/* End PBXVariantGroup section */

/* Begin XCBuildConfiguration section */
		2214B81A2960625800792D7A /* Debug */ = {
			isa = XCBuildConfiguration;
			buildSettings = {
				ALWAYS_SEARCH_USER_PATHS = NO;
				CLANG_ANALYZER_NONNULL = YES;
				CLANG_ANALYZER_NUMBER_OBJECT_CONVERSION = YES_AGGRESSIVE;
				CLANG_CXX_LANGUAGE_STANDARD = "gnu++20";
				CLANG_ENABLE_MODULES = YES;
				CLANG_ENABLE_OBJC_ARC = YES;
				CLANG_ENABLE_OBJC_WEAK = YES;
				CLANG_WARN_BLOCK_CAPTURE_AUTORELEASING = YES;
				CLANG_WARN_BOOL_CONVERSION = YES;
				CLANG_WARN_COMMA = YES;
				CLANG_WARN_CONSTANT_CONVERSION = YES;
				CLANG_WARN_DEPRECATED_OBJC_IMPLEMENTATIONS = YES;
				CLANG_WARN_DIRECT_OBJC_ISA_USAGE = YES_ERROR;
				CLANG_WARN_DOCUMENTATION_COMMENTS = YES;
				CLANG_WARN_EMPTY_BODY = YES;
				CLANG_WARN_ENUM_CONVERSION = YES;
				CLANG_WARN_INFINITE_RECURSION = YES;
				CLANG_WARN_INT_CONVERSION = YES;
				CLANG_WARN_NON_LITERAL_NULL_CONVERSION = YES;
				CLANG_WARN_OBJC_IMPLICIT_RETAIN_SELF = YES;
				CLANG_WARN_OBJC_LITERAL_CONVERSION = YES;
				CLANG_WARN_OBJC_ROOT_CLASS = YES_ERROR;
				CLANG_WARN_QUOTED_INCLUDE_IN_FRAMEWORK_HEADER = YES;
				CLANG_WARN_RANGE_LOOP_ANALYSIS = YES;
				CLANG_WARN_STRICT_PROTOTYPES = YES;
				CLANG_WARN_SUSPICIOUS_MOVE = YES;
				CLANG_WARN_UNGUARDED_AVAILABILITY = YES_AGGRESSIVE;
				CLANG_WARN_UNREACHABLE_CODE = YES;
				CLANG_WARN__DUPLICATE_METHOD_MATCH = YES;
				COPY_PHASE_STRIP = NO;
				DEBUG_INFORMATION_FORMAT = dwarf;
				ENABLE_STRICT_OBJC_MSGSEND = YES;
				ENABLE_TESTABILITY = YES;
				GCC_C_LANGUAGE_STANDARD = gnu11;
				GCC_DYNAMIC_NO_PIC = NO;
				GCC_NO_COMMON_BLOCKS = YES;
				GCC_OPTIMIZATION_LEVEL = 0;
				GCC_PREPROCESSOR_DEFINITIONS = (
					"DEBUG=1",
					"$(inherited)",
				);
				GCC_WARN_64_TO_32_BIT_CONVERSION = YES;
				GCC_WARN_ABOUT_RETURN_TYPE = YES_ERROR;
				GCC_WARN_UNDECLARED_SELECTOR = YES;
				GCC_WARN_UNINITIALIZED_AUTOS = YES_AGGRESSIVE;
				GCC_WARN_UNUSED_FUNCTION = YES;
				GCC_WARN_UNUSED_VARIABLE = YES;
				IPHONEOS_DEPLOYMENT_TARGET = 16.2;
				MTL_ENABLE_DEBUG_INFO = INCLUDE_SOURCE;
				MTL_FAST_MATH = YES;
				ONLY_ACTIVE_ARCH = YES;
				SDKROOT = iphoneos;
				SWIFT_ACTIVE_COMPILATION_CONDITIONS = DEBUG;
				SWIFT_OPTIMIZATION_LEVEL = "-Onone";
			};
			name = Debug;
		};
		2214B81B2960625800792D7A /* Release */ = {
			isa = XCBuildConfiguration;
			buildSettings = {
				ALWAYS_SEARCH_USER_PATHS = NO;
				CLANG_ANALYZER_NONNULL = YES;
				CLANG_ANALYZER_NUMBER_OBJECT_CONVERSION = YES_AGGRESSIVE;
				CLANG_CXX_LANGUAGE_STANDARD = "gnu++20";
				CLANG_ENABLE_MODULES = YES;
				CLANG_ENABLE_OBJC_ARC = YES;
				CLANG_ENABLE_OBJC_WEAK = YES;
				CLANG_WARN_BLOCK_CAPTURE_AUTORELEASING = YES;
				CLANG_WARN_BOOL_CONVERSION = YES;
				CLANG_WARN_COMMA = YES;
				CLANG_WARN_CONSTANT_CONVERSION = YES;
				CLANG_WARN_DEPRECATED_OBJC_IMPLEMENTATIONS = YES;
				CLANG_WARN_DIRECT_OBJC_ISA_USAGE = YES_ERROR;
				CLANG_WARN_DOCUMENTATION_COMMENTS = YES;
				CLANG_WARN_EMPTY_BODY = YES;
				CLANG_WARN_ENUM_CONVERSION = YES;
				CLANG_WARN_INFINITE_RECURSION = YES;
				CLANG_WARN_INT_CONVERSION = YES;
				CLANG_WARN_NON_LITERAL_NULL_CONVERSION = YES;
				CLANG_WARN_OBJC_IMPLICIT_RETAIN_SELF = YES;
				CLANG_WARN_OBJC_LITERAL_CONVERSION = YES;
				CLANG_WARN_OBJC_ROOT_CLASS = YES_ERROR;
				CLANG_WARN_QUOTED_INCLUDE_IN_FRAMEWORK_HEADER = YES;
				CLANG_WARN_RANGE_LOOP_ANALYSIS = YES;
				CLANG_WARN_STRICT_PROTOTYPES = YES;
				CLANG_WARN_SUSPICIOUS_MOVE = YES;
				CLANG_WARN_UNGUARDED_AVAILABILITY = YES_AGGRESSIVE;
				CLANG_WARN_UNREACHABLE_CODE = YES;
				CLANG_WARN__DUPLICATE_METHOD_MATCH = YES;
				COPY_PHASE_STRIP = NO;
				DEBUG_INFORMATION_FORMAT = "dwarf-with-dsym";
				ENABLE_NS_ASSERTIONS = NO;
				ENABLE_STRICT_OBJC_MSGSEND = YES;
				GCC_C_LANGUAGE_STANDARD = gnu11;
				GCC_NO_COMMON_BLOCKS = YES;
				GCC_WARN_64_TO_32_BIT_CONVERSION = YES;
				GCC_WARN_ABOUT_RETURN_TYPE = YES_ERROR;
				GCC_WARN_UNDECLARED_SELECTOR = YES;
				GCC_WARN_UNINITIALIZED_AUTOS = YES_AGGRESSIVE;
				GCC_WARN_UNUSED_FUNCTION = YES;
				GCC_WARN_UNUSED_VARIABLE = YES;
				IPHONEOS_DEPLOYMENT_TARGET = 16.2;
				MTL_ENABLE_DEBUG_INFO = NO;
				MTL_FAST_MATH = YES;
				SDKROOT = iphoneos;
				SWIFT_COMPILATION_MODE = wholemodule;
				SWIFT_OPTIMIZATION_LEVEL = "-O";
				VALIDATE_PRODUCT = YES;
			};
			name = Release;
		};
		2214B81D2960625800792D7A /* Debug */ = {
			isa = XCBuildConfiguration;
			buildSettings = {
				ASSETCATALOG_COMPILER_APPICON_NAME = AppIcon;
				ASSETCATALOG_COMPILER_GLOBAL_ACCENT_COLOR_NAME = AccentColor;
				CODE_SIGN_STYLE = Automatic;
				CURRENT_PROJECT_VERSION = 1;
				DEVELOPMENT_TEAM = 647MFA6TDC;
				GENERATE_INFOPLIST_FILE = YES;
				INFOPLIST_FILE = RickAndMorty/Info.plist;
				INFOPLIST_KEY_UIApplicationSupportsIndirectInputEvents = YES;
				INFOPLIST_KEY_UILaunchStoryboardName = LaunchScreen;
				INFOPLIST_KEY_UISupportedInterfaceOrientations_iPad = "UIInterfaceOrientationPortrait UIInterfaceOrientationPortraitUpsideDown UIInterfaceOrientationLandscapeLeft UIInterfaceOrientationLandscapeRight";
				INFOPLIST_KEY_UISupportedInterfaceOrientations_iPhone = "UIInterfaceOrientationPortrait UIInterfaceOrientationLandscapeLeft UIInterfaceOrientationLandscapeRight";
				LD_RUNPATH_SEARCH_PATHS = (
					"$(inherited)",
					"@executable_path/Frameworks",
				);
				MARKETING_VERSION = 1.0;
				PRODUCT_BUNDLE_IDENTIFIER = sevio.RickAndMorty;
				PRODUCT_NAME = "$(TARGET_NAME)";
				SWIFT_EMIT_LOC_STRINGS = YES;
				SWIFT_VERSION = 5.0;
				TARGETED_DEVICE_FAMILY = "1,2";
			};
			name = Debug;
		};
		2214B81E2960625800792D7A /* Release */ = {
			isa = XCBuildConfiguration;
			buildSettings = {
				ASSETCATALOG_COMPILER_APPICON_NAME = AppIcon;
				ASSETCATALOG_COMPILER_GLOBAL_ACCENT_COLOR_NAME = AccentColor;
				CODE_SIGN_STYLE = Automatic;
				CURRENT_PROJECT_VERSION = 1;
				DEVELOPMENT_TEAM = 647MFA6TDC;
				GENERATE_INFOPLIST_FILE = YES;
				INFOPLIST_FILE = RickAndMorty/Info.plist;
				INFOPLIST_KEY_UIApplicationSupportsIndirectInputEvents = YES;
				INFOPLIST_KEY_UILaunchStoryboardName = LaunchScreen;
				INFOPLIST_KEY_UISupportedInterfaceOrientations_iPad = "UIInterfaceOrientationPortrait UIInterfaceOrientationPortraitUpsideDown UIInterfaceOrientationLandscapeLeft UIInterfaceOrientationLandscapeRight";
				INFOPLIST_KEY_UISupportedInterfaceOrientations_iPhone = "UIInterfaceOrientationPortrait UIInterfaceOrientationLandscapeLeft UIInterfaceOrientationLandscapeRight";
				LD_RUNPATH_SEARCH_PATHS = (
					"$(inherited)",
					"@executable_path/Frameworks",
				);
				MARKETING_VERSION = 1.0;
				PRODUCT_BUNDLE_IDENTIFIER = sevio.RickAndMorty;
				PRODUCT_NAME = "$(TARGET_NAME)";
				SWIFT_EMIT_LOC_STRINGS = YES;
				SWIFT_VERSION = 5.0;
				TARGETED_DEVICE_FAMILY = "1,2";
			};
			name = Release;
		};
/* End XCBuildConfiguration section */

/* Begin XCConfigurationList section */
		2214B8032960625700792D7A /* Build configuration list for PBXProject "RickAndMorty" */ = {
			isa = XCConfigurationList;
			buildConfigurations = (
				2214B81A2960625800792D7A /* Debug */,
				2214B81B2960625800792D7A /* Release */,
			);
			defaultConfigurationIsVisible = 0;
			defaultConfigurationName = Release;
		};
		2214B81C2960625800792D7A /* Build configuration list for PBXNativeTarget "RickAndMorty" */ = {
			isa = XCConfigurationList;
			buildConfigurations = (
				2214B81D2960625800792D7A /* Debug */,
				2214B81E2960625800792D7A /* Release */,
			);
			defaultConfigurationIsVisible = 0;
			defaultConfigurationName = Release;
		};
/* End XCConfigurationList section */
	};
	rootObject = 2214B8002960625700792D7A /* Project object */;
}
